
Microsoft Visual Studio Solution File, Format Version 12.00
# Visual Studio 2012
Project("{FAE04EC0-301F-11D3-BF4B-00C04F79EFBC}") = "LoadRunner", "LoadRunner\LoadRunner.csproj", "{722102EB-07B2-4FBF-887B-37A634FF0F15}"
EndProject
Project("{FAE04EC0-301F-11D3-BF4B-00C04F79EFBC}") = "Seed", "Seed\Seed.csproj", "{94BE1FF4-1773-49BF-8AA6-675752D73824}"
EndProject
Global
	GlobalSection(SolutionConfigurationPlatforms) = preSolution
		Debug|Any CPU = Debug|Any CPU
		Release|Any CPU = Release|Any CPU
	EndGlobalSection
	GlobalSection(ProjectConfigurationPlatforms) = postSolution
		{722102EB-07B2-4FBF-887B-37A634FF0F15}.Debug|Any CPU.ActiveCfg = Debug|Any CPU
		{722102EB-07B2-4FBF-887B-37A634FF0F15}.Debug|Any CPU.Build.0 = Debug|Any CPU
		{722102EB-07B2-4FBF-887B-37A634FF0F15}.Release|Any CPU.ActiveCfg = Release|Any CPU
		{722102EB-07B2-4FBF-887B-37A634FF0F15}.Release|Any CPU.Build.0 = Release|Any CPU
		{94BE1FF4-1773-49BF-8AA6-675752D73824}.Debug|Any CPU.ActiveCfg = Debug|Any CPU
		{94BE1FF4-1773-49BF-8AA6-675752D73824}.Debug|Any CPU.Build.0 = Debug|Any CPU
		{94BE1FF4-1773-49BF-8AA6-675752D73824}.Release|Any CPU.ActiveCfg = Release|Any CPU
		{94BE1FF4-1773-49BF-8AA6-675752D73824}.Release|Any CPU.Build.0 = Release|Any CPU
	EndGlobalSection
	GlobalSection(SolutionProperties) = preSolution
		HideSolutionNode = FALSE
	EndGlobalSection
EndGlobal
